
Microsoft Visual Studio Solution File, Format Version 12.00
# Visual Studio 2015
Project("{FAE04EC0-301F-11D3-BF4B-00C04F79EFBC}") = "museDemo.CSharp", "museDemo.CSharp.csproj", "{58BDBAE8-93BE-9131-753C-9100F333E7E7}"
EndProject
Global
	GlobalSection(SolutionConfigurationPlatforms) = preSolution
		Debug|Any CPU = Debug|Any CPU
		Release|Any CPU = Release|Any CPU
	EndGlobalSection
	GlobalSection(ProjectConfigurationPlatforms) = postSolution
		{58BDBAE8-93BE-9131-753C-9100F333E7E7}.Debug|Any CPU.ActiveCfg = Debug|Any CPU
		{58BDBAE8-93BE-9131-753C-9100F333E7E7}.Debug|Any CPU.Build.0 = Debug|Any CPU
		{58BDBAE8-93BE-9131-753C-9100F333E7E7}.Release|Any CPU.ActiveCfg = Release|Any CPU
		{58BDBAE8-93BE-9131-753C-9100F333E7E7}.Release|Any CPU.Build.0 = Release|Any CPU
	EndGlobalSection
	GlobalSection(SolutionProperties) = preSolution
		HideSolutionNode = FALSE
	EndGlobalSection
EndGlobal
